# This file is generated by running "yarn install" inside your project.
# Manual changes might be lost - proceed with caution!

__metadata:
  version: 4
  cacheKey: 7

"@sindresorhus/is@npm:^4.0.0":
  version: 4.0.0
  resolution: "@sindresorhus/is@npm:4.0.0"
  checksum: 7022d5037ff778c5c369c353e16a173c3797de5f4196b631ec00b0f710a3ccb016937ce454d4fac6ca32d695ed30a59444e941f8f78ff7692dc3c50959b3fe61
  languageName: node
  linkType: hard

"@szmarczak/http-timer@npm:^4.0.5":
  version: 4.0.5
  resolution: "@szmarczak/http-timer@npm:4.0.5"
  dependencies:
    defer-to-connect: ^2.0.0
  checksum: 13d8f71dbd792b620b2cd13d72d086ef031ebefd5263a9db2f34693a32e4d90920fa1d7075cd59bf0c9810b2b1b93ad36d89fc88aba4cd3b8022df7ecc5ffdec
  languageName: node
  linkType: hard

"@types/cacheable-request@npm:^6.0.1":
  version: 6.0.1
  resolution: "@types/cacheable-request@npm:6.0.1"
  dependencies:
    "@types/http-cache-semantics": "*"
    "@types/keyv": "*"
    "@types/node": "*"
    "@types/responselike": "*"
  checksum: 3dae802a0808573986c56b92bf16cd031a5b648b6c893d20c7ef6bfda3fc72a2107c7978697d2b27b14febc597162d6959985eeb5befc307a9f9f3c5081d4905
  languageName: node
  linkType: hard

"@types/http-cache-semantics@npm:*":
  version: 4.0.0
  resolution: "@types/http-cache-semantics@npm:4.0.0"
  checksum: e16fae56d4daea4ed678b4d5918b693b44ca12fb5e479b87d242d3a35bf3a014974dcf9ed7aba7e29149fdb6c3719f9987fca51b20ef10aa84b58f86553c2f74
  languageName: node
  linkType: hard

"@types/keyv@npm:*":
  version: 3.1.1
  resolution: "@types/keyv@npm:3.1.1"
  dependencies:
    "@types/node": "*"
  checksum: 3aaf557d5b82e733d5a17b7f55af5d6be953363c3a594f006d64265790fe87c301c6e1400c0b6b1cf72add50a0ceddc25afb8231ab8302a2e5b6ebfbfac30e5d
  languageName: node
  linkType: hard

"@types/node@npm:*":
  version: 14.14.31
  resolution: "@types/node@npm:14.14.31"
  checksum: 635dc8a0898a923621e02ca179e17baa39fdfa44f0096fcc1b7046c9b32317e74a99956a7b45ca0e8069874f51f4e7873a418239a318a4b6e7936f6510ac5992
  languageName: node
  linkType: hard

"@types/responselike@npm:*, @types/responselike@npm:^1.0.0":
  version: 1.0.0
  resolution: "@types/responselike@npm:1.0.0"
  dependencies:
    "@types/node": "*"
  checksum: e6e6613c800aeda63e2331e753e8d21df1a2c9aa7a4bc71ed792a848e4811fc96e609759089355314a2318c76eff1f161499cd242044838ab1e6f56e463ebb9c
  languageName: node
  linkType: hard

"agent-base@npm:6":
  version: 6.0.2
  resolution: "agent-base@npm:6.0.2"
  dependencies:
    debug: 4
  checksum: e77eff83e1308883118c7b6a866974dd4ef6be32ef7c91625d5337b13addb5699075c338942f5ecf598d7e5d179b81bf9c9fc644dfb9ca2db0facd9e6bf1238d
  languageName: node
  linkType: hard

"cacheable-lookup@npm:^5.0.3":
  version: 5.0.4
  resolution: "cacheable-lookup@npm:5.0.4"
  checksum: cb5849f5841e37f007aeaea2516ecf2cb0a9730667694d131331a04413f6c3bf2587391d55003cc2b95ef59085b5f50ac9887a0b7c673fc0c8102bcc69b6d73d
  languageName: node
  linkType: hard

"cacheable-request@npm:^7.0.1":
  version: 7.0.1
  resolution: "cacheable-request@npm:7.0.1"
  dependencies:
    clone-response: ^1.0.2
    get-stream: ^5.1.0
    http-cache-semantics: ^4.0.0
    keyv: ^4.0.0
    lowercase-keys: ^2.0.0
    normalize-url: ^4.1.0
    responselike: ^2.0.0
  checksum: fe0b6f3b8a145c98fecc00f0f1b13a9886cad9bf4537533c5568cba19db81c8ee09ace9c61967d5a4e72615e174d771b6b8080c3816f0b74fc6f9c69060c3ff0
  languageName: node
  linkType: hard

"clone-response@npm:^1.0.2":
  version: 1.0.2
  resolution: "clone-response@npm:1.0.2"
  dependencies:
    mimic-response: ^1.0.0
  checksum: 71832f9219f2682b0915bdbc0dd187ba8e63d16b0af5342b44f97b34afe9400a1f528a253dd2f70a8dd8b23bfa4c4e106928fcc520fa5899d769af95e4cce53c
  languageName: node
  linkType: hard

"debug@npm:4":
  version: 4.3.2
  resolution: "debug@npm:4.3.2"
  dependencies:
    ms: 2.1.2
  peerDependenciesMeta:
    supports-color:
      optional: true
  checksum: 5543570879e2274f6725d4285a034d6e0822d35faefc6f55965933fb440e8c21eb3a0bef934e66f4b6b491f898ee2de37cab980e9d4fd61372136c19d3ce4527
  languageName: node
  linkType: hard

"decompress-response@npm:^6.0.0":
  version: 6.0.0
  resolution: "decompress-response@npm:6.0.0"
  dependencies:
    mimic-response: ^3.1.0
  checksum: bb8b8c42be7767994764d27f91a3949e3dc9008da82f1aaeab1de40f1ebb50d7abf17b31b2e4000f8d267a1e75f76052efd58d4419124c04bf430e184c164fad
  languageName: node
  linkType: hard

"defer-to-connect@npm:^2.0.0":
  version: 2.0.0
  resolution: "defer-to-connect@npm:2.0.0"
  checksum: 0453938bfce1c866263d0a4732ade8d69b1a39e27e073d3fbae9e0cc1c6a15a422c2fe5f90320465312ace6a01dbed4a2836755ac2a9519555e82d65141eabdc
  languageName: node
  linkType: hard

"end-of-stream@npm:^1.1.0":
  version: 1.4.4
  resolution: "end-of-stream@npm:1.4.4"
  dependencies:
    once: ^1.4.0
  checksum: 7da60e458bdb5e16c006a45e85ef3bc1e3791db5ba275b0913258ccddc8899acb9252c4ddbcce87bd1b46e2a3f97315aafb9f0c0330e8aac44defb504a9d3ccd
  languageName: node
  linkType: hard

"get-stream@npm:^5.1.0":
  version: 5.2.0
  resolution: "get-stream@npm:5.2.0"
  dependencies:
    pump: ^3.0.0
  checksum: c71c5625f4573a33823371da253b4183df6bdb28cb678d03bab9b5f91626d92d6f3f5ae2404c5efdc1248fbb82204e4dae4283c7ff3cc14e505754f9f748f217
  languageName: node
  linkType: hard

"got@npm:^11.5.1":
  version: 11.8.1
  resolution: "got@npm:11.8.1"
  dependencies:
    "@sindresorhus/is": ^4.0.0
    "@szmarczak/http-timer": ^4.0.5
    "@types/cacheable-request": ^6.0.1
    "@types/responselike": ^1.0.0
    cacheable-lookup: ^5.0.3
    cacheable-request: ^7.0.1
    decompress-response: ^6.0.0
    http2-wrapper: ^1.0.0-beta.5.2
    lowercase-keys: ^2.0.0
    p-cancelable: ^2.0.0
    responselike: ^2.0.0
  checksum: 739e7ffe359b73a21270136a917f0837471b87758773439bc178bcf7dba21f43872f0b72ad107f5ebf9487f74eea19391b3ed7902acf4576610c51c3396315a1
  languageName: node
  linkType: hard

"hpagent@npm:^0.1.1":
  version: 0.1.1
  resolution: "hpagent@npm:0.1.1"
  checksum: c68850c445e6679525e395122ff77e17a81574939178aab25ecd51a49fa84a53d76d9d0ecbe727f38e0ecd4a3c16cfb933979a1620ee3c73398c68cd9a38dbb6
  languageName: node
  linkType: hard

"http-cache-semantics@npm:^4.0.0":
  version: 4.1.0
  resolution: "http-cache-semantics@npm:4.1.0"
  checksum: 451df9784af2acbe0cc1fd70291285c08ca4a8966ab5ee4d3975e003d1ad4d74c81473086d628f31296b31221966fda8bc5ea1e29dd8f1f33f9fc2b0fdca65ca
  languageName: node
  linkType: hard

"http2-wrapper@npm:^1.0.0-beta.5.2":
  version: 1.0.0-beta.5.2
  resolution: "http2-wrapper@npm:1.0.0-beta.5.2"
  dependencies:
    quick-lru: ^5.1.1
    resolve-alpn: ^1.0.0
  checksum: 74db457c83d2cef5ea36e6a0a013a0a12b3fff575c4cabfc91c012b7335463d09ed3dba2d7e87babab4396a170df466730b1c13d92f99bbdd82b7aec99387683
  languageName: node
  linkType: hard

"ip@npm:^1.1.5":
  version: 1.1.5
  resolution: "ip@npm:1.1.5"
  checksum: 3ad007368cf797ec9b73fbac0a644077198dd85a128d0fe39697a78a9cdd47915577eee5c4eca9933549b575ac4716107896c2d4aa43a1622b3f72104232cad4
  languageName: node
  linkType: hard

"json-buffer@npm:3.0.1":
  version: 3.0.1
  resolution: "json-buffer@npm:3.0.1"
  checksum: 78011309cb53c19195702ece9e282c8c58d7facd8d6e286857fd4daf511f0bd93424498898d0b9ecfde6ab8e87a2ab0c0a654fba4b1a4ec81fa51f2c48a5ddba
  languageName: node
  linkType: hard

"keyv@npm:^4.0.0":
  version: 4.0.3
  resolution: "keyv@npm:4.0.3"
  dependencies:
    json-buffer: 3.0.1
  checksum: 63527e3d010dd9b8f8e62435130cdb1518de7b7d0ebafcff1359611caa0e79c7f80f1863ff73e712d99ce69fa06be62b66a78fb5cfee6483f2f95eeac340f12b
  languageName: node
  linkType: hard

"lowercase-keys@npm:^2.0.0":
  version: 2.0.0
  resolution: "lowercase-keys@npm:2.0.0"
  checksum: 4da67f41865a25360bb05749a66a83c60987c7efa0b8ec443941a19978c21ba916ae9fedca25b96fc652026c4264a437d3fec099d1949716b5483eec42395ec9
  languageName: node
  linkType: hard

"mimic-response@npm:^1.0.0":
  version: 1.0.1
  resolution: "mimic-response@npm:1.0.1"
  checksum: 64b43c717ed8710bc920576e96d38d0e504e9eec3114af8e00c9e3d7ae53cd459ee38febb0badc83e3a4e6d21cd571db43e9011f8cf014809989c87a1a9f0ea4
  languageName: node
  linkType: hard

"mimic-response@npm:^3.1.0":
  version: 3.1.0
  resolution: "mimic-response@npm:3.1.0"
  checksum: cfbf19f66de6ad46df7481d9e8c1a7f30b6fa77dd771ad4a72a0443265041a39768182bde6d1de39001c2774168635bc74f42902e401c8ba33db55d69b773004
  languageName: node
  linkType: hard

"ms@npm:2.1.2":
  version: 2.1.2
  resolution: "ms@npm:2.1.2"
  checksum: 9b65fb709bc30c0c07289dcbdb61ca032acbb9ea5698b55fa62e2cebb04c5953f1876a1f3f7f4bc2e91d4bf4d86003f3e207c3bc6ee2f716f99827e62389cd0e
  languageName: node
  linkType: hard

"normalize-url@npm:^4.1.0":
  version: 4.5.0
  resolution: "normalize-url@npm:4.5.0"
  checksum: 09794941dbe5c7b91caf6f3cd1ae167c27f6d09793e4a03601a68b62de7e8ee9e5de21a246130cdbab98b01481de292f9556d492444a527648f9cf1220e4b0df
  languageName: node
  linkType: hard

"once@npm:^1.3.1, once@npm:^1.4.0":
  version: 1.4.0
  resolution: "once@npm:1.4.0"
  dependencies:
    wrappy: 1
  checksum: 57afc246536cf6494437f982b26475f22bee860f8b77ce8eb1543f42a8bffe04b2c66ddfea9a16cb25ccb80943f8ee4fc639367ef97b7a6a4f2672eb573963f5
  languageName: node
  linkType: hard

"p-cancelable@npm:^2.0.0":
  version: 2.0.0
  resolution: "p-cancelable@npm:2.0.0"
  checksum: 966065f056a116a1ca3b6c7064d4d27a65bc1740c25cc60729faa5deea385bbd0f2317aedabb8e64c0cfc3c6b2dafe7f3ea65c267373d6d9be1602af443b4f12
  languageName: node
  linkType: hard

"psl@npm:^1.1.33":
  version: 1.8.0
  resolution: "psl@npm:1.8.0"
  checksum: 92d47c6257456878bfa8190d76b84de69bcefdc129eeee3f9fe204c15fd08d35fe5b8627033f39b455e40a9375a1474b25ff4ab2c5448dd8c8f75da692d0f5b4
  languageName: node
  linkType: hard

"pump@npm:^3.0.0":
  version: 3.0.0
  resolution: "pump@npm:3.0.0"
  dependencies:
    end-of-stream: ^1.1.0
    once: ^1.3.1
  checksum: 5464d5cf6c6f083cc60cb45b074fb9a4a92ba4d3e0d89e9b2fa1906d8151fd3766784a426725ccf1af50d1c29963ac20b13829933549830e08a6704e3f95e08c
  languageName: node
  linkType: hard

"punycode@npm:^2.1.1":
  version: 2.1.1
  resolution: "punycode@npm:2.1.1"
  checksum: 0202dc191cb35bfd88870ac99a1e824b03486d4cee20b543ef337a6dee8d8b11017da32a3e4c40b69b19976e982c030b62bd72bba42884acb691bc5ef91354c8
  languageName: node
  linkType: hard

"puppeteer-page-proxy@workspace:.":
  version: 0.0.0-use.local
  resolution: "puppeteer-page-proxy@workspace:."
  dependencies:
    got: ^11.5.1
    hpagent: ^0.1.1
    socks-proxy-agent: ^5.0.0
    tough-cookie: ^4.0.0
  languageName: unknown
  linkType: soft

"quick-lru@npm:^5.1.1":
  version: 5.1.1
  resolution: "quick-lru@npm:5.1.1"
  checksum: fafb2b2fa1a948d6f2e88d4a60571be70b316d9b0be857d24fba0ac28fc31acebf535b643fe968473d689f8c655bcb2a0e4da67912f571059a4e4eb15740b021
  languageName: node
  linkType: hard

"resolve-alpn@npm:^1.0.0":
  version: 1.0.0
  resolution: "resolve-alpn@npm:1.0.0"
  checksum: 17baee01c03a57cebd163aa5c9bd94f33646378bce8aa94c7a8d29fc0e1bf0807532bda3c36bb929511606633921d0f4a69e7fcc894cf02ad1c742e649b71673
  languageName: node
  linkType: hard

"responselike@npm:^2.0.0":
  version: 2.0.0
  resolution: "responselike@npm:2.0.0"
  dependencies:
    lowercase-keys: ^2.0.0
  checksum: 11d8225dd8bbbd2ab7482c2e54ff2618e346c7d785e66d2ff5da03d6eafa8b33c3a4c6d685324dccf06f36ee2695db9bd2579382548c2a7253d770204694a63d
  languageName: node
  linkType: hard

"smart-buffer@npm:^4.1.0":
  version: 4.1.0
  resolution: "smart-buffer@npm:4.1.0"
  checksum: 00a23d82a20eced9622cbba18ba781f9f8968ccfa70af7a33336ae55f54651c073aa072084c521f7e78199767e5b3584a0bbf3a47bb60e3e5b79ea4fc1ca61a1
  languageName: node
  linkType: hard

"socks-proxy-agent@npm:^5.0.0":
  version: 5.0.0
  resolution: "socks-proxy-agent@npm:5.0.0"
  dependencies:
    agent-base: 6
    debug: 4
    socks: ^2.3.3
  checksum: 3d6d5e4425e393847cb0787b688af37e96123a239ffc0269ad65263accdaa9c93df51e0257092ee37651676ec5d6316016bfbb2c2c837933361b728528f35c2a
  languageName: node
  linkType: hard

"socks@npm:^2.3.3":
  version: 2.5.1
  resolution: "socks@npm:2.5.1"
  dependencies:
    ip: ^1.1.5
    smart-buffer: ^4.1.0
  checksum: 851c3bc5d44fdb57c85443d053dc4e8c2361e0623144dc47c75bf9323acfa389294fc4434c6d9ef787ba03723ff5311f98d24372b7e347b6da766195ce68040e
  languageName: node
  linkType: hard

"tough-cookie@npm:^4.0.0":
  version: 4.0.0
  resolution: "tough-cookie@npm:4.0.0"
  dependencies:
    psl: ^1.1.33
    punycode: ^2.1.1
    universalify: ^0.1.2
  checksum: 161dc4728e2801c1bd3b32d4d14abd2762120d9ed0b96d892720440aa04ed0ad6c425c38195265c74366fe01d8aaf1cc0a31636cb18b82c9b6ce630743210235
  languageName: node
  linkType: hard

"universalify@npm:^0.1.2":
  version: 0.1.2
  resolution: "universalify@npm:0.1.2"
  checksum: 420fc6547357782c700d53e9a92506a8e95345b13e97684c8f9ab75237912ec2ebb6af8ac10d4f7406b7b6bd21c58f6c5c0811414fb0b4091b78b4743fa6806e
  languageName: node
  linkType: hard

"wrappy@npm:1":
  version: 1.0.2
  resolution: "wrappy@npm:1.0.2"
  checksum: 519fcda0fcdf0c16327be2de9d98646742307bc830277e8868529fcf7566f2b330a6453c233e0cdcb767d5838dd61a90984a02ecc983bcddebea5ad0833bbf98
  languageName: node
  linkType: hard
